
Microsoft Visual Studio Solution File, Format Version 12.00
# Visual Studio Version 16
VisualStudioVersion = 16.0.29215.179
MinimumVisualStudioVersion = 10.0.40219.1
Project("{FAE04EC0-301F-11D3-BF4B-00C04F79EFBC}") = "SoftEngineering", "SoftEngineering\SoftEngineering.csproj", "{DC15430B-DC81-422B-92FB-B930FED3C9AA}"
EndProject
Global
	GlobalSection(SolutionConfigurationPlatforms) = preSolution
		Debug|Any CPU = Debug|Any CPU
		Release|Any CPU = Release|Any CPU
	EndGlobalSection
	GlobalSection(ProjectConfigurationPlatforms) = postSolution
		{DC15430B-DC81-422B-92FB-B930FED3C9AA}.Debug|Any CPU.ActiveCfg = Debug|Any CPU
		{DC15430B-DC81-422B-92FB-B930FED3C9AA}.Debug|Any CPU.Build.0 = Debug|Any CPU
		{DC15430B-DC81-422B-92FB-B930FED3C9AA}.Release|Any CPU.ActiveCfg = Release|Any CPU
		{DC15430B-DC81-422B-92FB-B930FED3C9AA}.Release|Any CPU.Build.0 = Release|Any CPU
	EndGlobalSection
	GlobalSection(SolutionProperties) = preSolution
		HideSolutionNode = FALSE
	EndGlobalSection
	GlobalSection(ExtensibilityGlobals) = postSolution
		SolutionGuid = {783C3394-402A-43AD-B3CC-35921D4E2302}
	EndGlobalSection
EndGlobal
